// !$*UTF8*$!
{
	archiveVersion = 1;
	classes = {
	};
	objectVersion = 56;
	objects = {

/* Begin PBXBuildFile section */
		CCD64B452A7FCC0600275F0F /* TimerModel.swift in Sources */ = {isa = PBXBuildFile; fileRef = CCD64B442A7FCC0600275F0F /* TimerModel.swift */; };
		CCD64B482A7FCC4A00275F0F /* TimerView.swift in Sources */ = {isa = PBXBuildFile; fileRef = CCD64B472A7FCC4A00275F0F /* TimerView.swift */; };
		CCD64B4C2A7FCCA800275F0F /* TimerViewModel.swift in Sources */ = {isa = PBXBuildFile; fileRef = CCD64B4B2A7FCCA800275F0F /* TimerViewModel.swift */; };
		CCD64B502A84210600275F0F /* Mocks.swift in Sources */ = {isa = PBXBuildFile; fileRef = CCD64B4F2A84210600275F0F /* Mocks.swift */; };
		CCE821E22A7842390071899A /* KatishaCookerApp.swift in Sources */ = {isa = PBXBuildFile; fileRef = CCE821E12A7842390071899A /* KatishaCookerApp.swift */; };
		CCE821E42A7842390071899A /* ContentView.swift in Sources */ = {isa = PBXBuildFile; fileRef = CCE821E32A7842390071899A /* ContentView.swift */; };
		CCE821E62A7842390071899A /* Assets.xcassets in Resources */ = {isa = PBXBuildFile; fileRef = CCE821E52A7842390071899A /* Assets.xcassets */; };
		CCE821E92A7842390071899A /* Preview Assets.xcassets in Resources */ = {isa = PBXBuildFile; fileRef = CCE821E82A7842390071899A /* Preview Assets.xcassets */; };
		CCE821F32A7842390071899A /* KatishaCookerTests.swift in Sources */ = {isa = PBXBuildFile; fileRef = CCE821F22A7842390071899A /* KatishaCookerTests.swift */; };
		CCE821FD2A7842390071899A /* KatishaCookerUITests.swift in Sources */ = {isa = PBXBuildFile; fileRef = CCE821FC2A7842390071899A /* KatishaCookerUITests.swift */; };
		CCE821FF2A7842390071899A /* KatishaCookerUITestsLaunchTests.swift in Sources */ = {isa = PBXBuildFile; fileRef = CCE821FE2A7842390071899A /* KatishaCookerUITestsLaunchTests.swift */; };
/* End PBXBuildFile section */

/* Begin PBXContainerItemProxy section */
		CCE821EF2A7842390071899A /* PBXContainerItemProxy */ = {
			isa = PBXContainerItemProxy;
			containerPortal = CCE821D62A7842380071899A /* Project object */;
			proxyType = 1;
			remoteGlobalIDString = CCE821DD2A7842380071899A;
			remoteInfo = KatishaCooker;
		};
		CCE821F92A7842390071899A /* PBXContainerItemProxy */ = {
			isa = PBXContainerItemProxy;
			containerPortal = CCE821D62A7842380071899A /* Project object */;
			proxyType = 1;
			remoteGlobalIDString = CCE821DD2A7842380071899A;
			remoteInfo = KatishaCooker;
		};
/* End PBXContainerItemProxy section */

/* Begin PBXFileReference section */
		CCD64B3F2A7FC30000275F0F /* README.md */ = {isa = PBXFileReference; lastKnownFileType = net.daringfireball.markdown; path = README.md; sourceTree = "<group>"; };
		CCD64B442A7FCC0600275F0F /* TimerModel.swift */ = {isa = PBXFileReference; lastKnownFileType = sourcecode.swift; path = TimerModel.swift; sourceTree = "<group>"; };
		CCD64B472A7FCC4A00275F0F /* TimerView.swift */ = {isa = PBXFileReference; lastKnownFileType = sourcecode.swift; path = TimerView.swift; sourceTree = "<group>"; };
		CCD64B4B2A7FCCA800275F0F /* TimerViewModel.swift */ = {isa = PBXFileReference; lastKnownFileType = sourcecode.swift; path = TimerViewModel.swift; sourceTree = "<group>"; };
		CCD64B4F2A84210600275F0F /* Mocks.swift */ = {isa = PBXFileReference; lastKnownFileType = sourcecode.swift; path = Mocks.swift; sourceTree = "<group>"; };
		CCE821DE2A7842380071899A /* KatishaCooker.app */ = {isa = PBXFileReference; explicitFileType = wrapper.application; includeInIndex = 0; path = KatishaCooker.app; sourceTree = BUILT_PRODUCTS_DIR; };
		CCE821E12A7842390071899A /* KatishaCookerApp.swift */ = {isa = PBXFileReference; lastKnownFileType = sourcecode.swift; path = KatishaCookerApp.swift; sourceTree = "<group>"; };
		CCE821E32A7842390071899A /* ContentView.swift */ = {isa = PBXFileReference; lastKnownFileType = sourcecode.swift; path = ContentView.swift; sourceTree = "<group>"; };
		CCE821E52A7842390071899A /* Assets.xcassets */ = {isa = PBXFileReference; lastKnownFileType = folder.assetcatalog; path = Assets.xcassets; sourceTree = "<group>"; };
		CCE821E82A7842390071899A /* Preview Assets.xcassets */ = {isa = PBXFileReference; lastKnownFileType = folder.assetcatalog; path = "Preview Assets.xcassets"; sourceTree = "<group>"; };
		CCE821EE2A7842390071899A /* KatishaCookerTests.xctest */ = {isa = PBXFileReference; explicitFileType = wrapper.cfbundle; includeInIndex = 0; path = KatishaCookerTests.xctest; sourceTree = BUILT_PRODUCTS_DIR; };
		CCE821F22A7842390071899A /* KatishaCookerTests.swift */ = {isa = PBXFileReference; lastKnownFileType = sourcecode.swift; path = KatishaCookerTests.swift; sourceTree = "<group>"; };
		CCE821F82A7842390071899A /* KatishaCookerUITests.xctest */ = {isa = PBXFileReference; explicitFileType = wrapper.cfbundle; includeInIndex = 0; path = KatishaCookerUITests.xctest; sourceTree = BUILT_PRODUCTS_DIR; };
		CCE821FC2A7842390071899A /* KatishaCookerUITests.swift */ = {isa = PBXFileReference; lastKnownFileType = sourcecode.swift; path = KatishaCookerUITests.swift; sourceTree = "<group>"; };
		CCE821FE2A7842390071899A /* KatishaCookerUITestsLaunchTests.swift */ = {isa = PBXFileReference; lastKnownFileType = sourcecode.swift; path = KatishaCookerUITestsLaunchTests.swift; sourceTree = "<group>"; };
		CCE8220B2A7845E40071899A /* .gitignore */ = {isa = PBXFileReference; lastKnownFileType = text; path = .gitignore; sourceTree = "<group>"; };
/* End PBXFileReference section */

/* Begin PBXFrameworksBuildPhase section */
		CCE821DB2A7842380071899A /* Frameworks */ = {
			isa = PBXFrameworksBuildPhase;
			buildActionMask = 2147483647;
			files = (
			);
			runOnlyForDeploymentPostprocessing = 0;
		};
		CCE821EB2A7842390071899A /* Frameworks */ = {
			isa = PBXFrameworksBuildPhase;
			buildActionMask = 2147483647;
			files = (
			);
			runOnlyForDeploymentPostprocessing = 0;
		};
		CCE821F52A7842390071899A /* Frameworks */ = {
			isa = PBXFrameworksBuildPhase;
			buildActionMask = 2147483647;
			files = (
			);
			runOnlyForDeploymentPostprocessing = 0;
		};
/* End PBXFrameworksBuildPhase section */

/* Begin PBXGroup section */
		CCD64B462A7FCC2400275F0F /* Models */ = {
			isa = PBXGroup;
			children = (
				CCD64B442A7FCC0600275F0F /* TimerModel.swift */,
			);
			path = Models;
			sourceTree = "<group>";
		};
		CCD64B492A7FCC4E00275F0F /* Views */ = {
			isa = PBXGroup;
			children = (
				CCD64B4F2A84210600275F0F /* Mocks.swift */,
				CCE821E32A7842390071899A /* ContentView.swift */,
				CCD64B472A7FCC4A00275F0F /* TimerView.swift */,
			);
			path = Views;
			sourceTree = "<group>";
		};
		CCD64B4A2A7FCC9100275F0F /* ViewModels */ = {
			isa = PBXGroup;
			children = (
				CCD64B4B2A7FCCA800275F0F /* TimerViewModel.swift */,
			);
			path = ViewModels;
			sourceTree = "<group>";
		};
		CCE821D52A7842380071899A = {
			isa = PBXGroup;
			children = (
				CCD64B3F2A7FC30000275F0F /* README.md */,
				CCE8220B2A7845E40071899A /* .gitignore */,
				CCE821E02A7842380071899A /* KatishaCooker */,
				CCE821F12A7842390071899A /* KatishaCookerTests */,
				CCE821FB2A7842390071899A /* KatishaCookerUITests */,
				CCE821DF2A7842380071899A /* Products */,
			);
			sourceTree = "<group>";
		};
		CCE821DF2A7842380071899A /* Products */ = {
			isa = PBXGroup;
			children = (
				CCE821DE2A7842380071899A /* KatishaCooker.app */,
				CCE821EE2A7842390071899A /* KatishaCookerTests.xctest */,
				CCE821F82A7842390071899A /* KatishaCookerUITests.xctest */,
			);
			name = Products;
			sourceTree = "<group>";
		};
		CCE821E02A7842380071899A /* KatishaCooker */ = {
			isa = PBXGroup;
			children = (
				CCE821E12A7842390071899A /* KatishaCookerApp.swift */,
				CCE821E52A7842390071899A /* Assets.xcassets */,
				CCD64B462A7FCC2400275F0F /* Models */,
				CCD64B492A7FCC4E00275F0F /* Views */,
				CCD64B4A2A7FCC9100275F0F /* ViewModels */,
				CCE821E72A7842390071899A /* Preview Content */,
			);
			path = KatishaCooker;
			sourceTree = "<group>";
		};
		CCE821E72A7842390071899A /* Preview Content */ = {
			isa = PBXGroup;
			children = (
				CCE821E82A7842390071899A /* Preview Assets.xcassets */,
			);
			path = "Preview Content";
			sourceTree = "<group>";
		};
		CCE821F12A7842390071899A /* KatishaCookerTests */ = {
			isa = PBXGroup;
			children = (
				CCE821F22A7842390071899A /* KatishaCookerTests.swift */,
			);
			path = KatishaCookerTests;
			sourceTree = "<group>";
		};
		CCE821FB2A7842390071899A /* KatishaCookerUITests */ = {
			isa = PBXGroup;
			children = (
				CCE821FC2A7842390071899A /* KatishaCookerUITests.swift */,
				CCE821FE2A7842390071899A /* KatishaCookerUITestsLaunchTests.swift */,
			);
			path = KatishaCookerUITests;
			sourceTree = "<group>";
		};
/* End PBXGroup section */

/* Begin PBXNativeTarget section */
		CCE821DD2A7842380071899A /* KatishaCooker */ = {
			isa = PBXNativeTarget;
			buildConfigurationList = CCE822022A7842390071899A /* Build configuration list for PBXNativeTarget "KatishaCooker" */;
			buildPhases = (
				CCE821DA2A7842380071899A /* Sources */,
				CCE821DB2A7842380071899A /* Frameworks */,
				CCE821DC2A7842380071899A /* Resources */,
			);
			buildRules = (
			);
			dependencies = (
			);
			name = KatishaCooker;
			productName = KatishaCooker;
			productReference = CCE821DE2A7842380071899A /* KatishaCooker.app */;
			productType = "com.apple.product-type.application";
		};
		CCE821ED2A7842390071899A /* KatishaCookerTests */ = {
			isa = PBXNativeTarget;
			buildConfigurationList = CCE822052A7842390071899A /* Build configuration list for PBXNativeTarget "KatishaCookerTests" */;
			buildPhases = (
				CCE821EA2A7842390071899A /* Sources */,
				CCE821EB2A7842390071899A /* Frameworks */,
				CCE821EC2A7842390071899A /* Resources */,
			);
			buildRules = (
			);
			dependencies = (
				CCE821F02A7842390071899A /* PBXTargetDependency */,
			);
			name = KatishaCookerTests;
			productName = KatishaCookerTests;
			productReference = CCE821EE2A7842390071899A /* KatishaCookerTests.xctest */;
			productType = "com.apple.product-type.bundle.unit-test";
		};
		CCE821F72A7842390071899A /* KatishaCookerUITests */ = {
			isa = PBXNativeTarget;
			buildConfigurationList = CCE822082A7842390071899A /* Build configuration list for PBXNativeTarget "KatishaCookerUITests" */;
			buildPhases = (
				CCE821F42A7842390071899A /* Sources */,
				CCE821F52A7842390071899A /* Frameworks */,
				CCE821F62A7842390071899A /* Resources */,
			);
			buildRules = (
			);
			dependencies = (
				CCE821FA2A7842390071899A /* PBXTargetDependency */,
			);
			name = KatishaCookerUITests;
			productName = KatishaCookerUITests;
			productReference = CCE821F82A7842390071899A /* KatishaCookerUITests.xctest */;
			productType = "com.apple.product-type.bundle.ui-testing";
		};
/* End PBXNativeTarget section */

/* Begin PBXProject section */
		CCE821D62A7842380071899A /* Project object */ = {
			isa = PBXProject;
			attributes = {
				BuildIndependentTargetsInParallel = 1;
				LastSwiftUpdateCheck = 1430;
				LastUpgradeCheck = 1430;
				TargetAttributes = {
					CCE821DD2A7842380071899A = {
						CreatedOnToolsVersion = 14.3.1;
					};
					CCE821ED2A7842390071899A = {
						CreatedOnToolsVersion = 14.3.1;
						TestTargetID = CCE821DD2A7842380071899A;
					};
					CCE821F72A7842390071899A = {
						CreatedOnToolsVersion = 14.3.1;
						TestTargetID = CCE821DD2A7842380071899A;
					};
				};
			};
			buildConfigurationList = CCE821D92A7842380071899A /* Build configuration list for PBXProject "KatishaCooker" */;
			compatibilityVersion = "Xcode 14.0";
			developmentRegion = en;
			hasScannedForEncodings = 0;
			knownRegions = (
				en,
				Base,
			);
			mainGroup = CCE821D52A7842380071899A;
			productRefGroup = CCE821DF2A7842380071899A /* Products */;
			projectDirPath = "";
			projectRoot = "";
			targets = (
				CCE821DD2A7842380071899A /* KatishaCooker */,
				CCE821ED2A7842390071899A /* KatishaCookerTests */,
				CCE821F72A7842390071899A /* KatishaCookerUITests */,
			);
		};
/* End PBXProject section */

/* Begin PBXResourcesBuildPhase section */
		CCE821DC2A7842380071899A /* Resources */ = {
			isa = PBXResourcesBuildPhase;
			buildActionMask = 2147483647;
			files = (
				CCE821E92A7842390071899A /* Preview Assets.xcassets in Resources */,
				CCE821E62A7842390071899A /* Assets.xcassets in Resources */,
			);
			runOnlyForDeploymentPostprocessing = 0;
		};
		CCE821EC2A7842390071899A /* Resources */ = {
			isa = PBXResourcesBuildPhase;
			buildActionMask = 2147483647;
			files = (
			);
			runOnlyForDeploymentPostprocessing = 0;
		};
		CCE821F62A7842390071899A /* Resources */ = {
			isa = PBXResourcesBuildPhase;
			buildActionMask = 2147483647;
			files = (
			);
			runOnlyForDeploymentPostprocessing = 0;
		};
/* End PBXResourcesBuildPhase section */

/* Begin PBXSourcesBuildPhase section */
		CCE821DA2A7842380071899A /* Sources */ = {
			isa = PBXSourcesBuildPhase;
			buildActionMask = 2147483647;
			files = (
				CCD64B4C2A7FCCA800275F0F /* TimerViewModel.swift in Sources */,
				CCD64B452A7FCC0600275F0F /* TimerModel.swift in Sources */,
				CCE821E42A7842390071899A /* ContentView.swift in Sources */,
				CCD64B502A84210600275F0F /* Mocks.swift in Sources */,
				CCD64B482A7FCC4A00275F0F /* TimerView.swift in Sources */,
				CCE821E22A7842390071899A /* KatishaCookerApp.swift in Sources */,
			);
			runOnlyForDeploymentPostprocessing = 0;
		};
		CCE821EA2A7842390071899A /* Sources */ = {
			isa = PBXSourcesBuildPhase;
			buildActionMask = 2147483647;
			files = (
				CCE821F32A7842390071899A /* KatishaCookerTests.swift in Sources */,
			);
			runOnlyForDeploymentPostprocessing = 0;
		};
		CCE821F42A7842390071899A /* Sources */ = {
			isa = PBXSourcesBuildPhase;
			buildActionMask = 2147483647;
			files = (
				CCE821FD2A7842390071899A /* KatishaCookerUITests.swift in Sources */,
				CCE821FF2A7842390071899A /* KatishaCookerUITestsLaunchTests.swift in Sources */,
			);
			runOnlyForDeploymentPostprocessing = 0;
		};
/* End PBXSourcesBuildPhase section */

/* Begin PBXTargetDependency section */
		CCE821F02A7842390071899A /* PBXTargetDependency */ = {
			isa = PBXTargetDependency;
			target = CCE821DD2A7842380071899A /* KatishaCooker */;
			targetProxy = CCE821EF2A7842390071899A /* PBXContainerItemProxy */;
		};
		CCE821FA2A7842390071899A /* PBXTargetDependency */ = {
			isa = PBXTargetDependency;
			target = CCE821DD2A7842380071899A /* KatishaCooker */;
			targetProxy = CCE821F92A7842390071899A /* PBXContainerItemProxy */;
		};
/* End PBXTargetDependency section */

/* Begin XCBuildConfiguration section */
		CCE822002A7842390071899A /* Debug */ = {
			isa = XCBuildConfiguration;
			buildSettings = {
				ALWAYS_SEARCH_USER_PATHS = NO;
				CLANG_ANALYZER_NONNULL = YES;
				CLANG_ANALYZER_NUMBER_OBJECT_CONVERSION = YES_AGGRESSIVE;
				CLANG_CXX_LANGUAGE_STANDARD = "gnu++20";
				CLANG_ENABLE_MODULES = YES;
				CLANG_ENABLE_OBJC_ARC = YES;
				CLANG_ENABLE_OBJC_WEAK = YES;
				CLANG_WARN_BLOCK_CAPTURE_AUTORELEASING = YES;
				CLANG_WARN_BOOL_CONVERSION = YES;
				CLANG_WARN_COMMA = YES;
				CLANG_WARN_CONSTANT_CONVERSION = YES;
				CLANG_WARN_DEPRECATED_OBJC_IMPLEMENTATIONS = YES;
				CLANG_WARN_DIRECT_OBJC_ISA_USAGE = YES_ERROR;
				CLANG_WARN_DOCUMENTATION_COMMENTS = YES;
				CLANG_WARN_EMPTY_BODY = YES;
				CLANG_WARN_ENUM_CONVERSION = YES;
				CLANG_WARN_INFINITE_RECURSION = YES;
				CLANG_WARN_INT_CONVERSION = YES;
				CLANG_WARN_NON_LITERAL_NULL_CONVERSION = YES;
				CLANG_WARN_OBJC_IMPLICIT_RETAIN_SELF = YES;
				CLANG_WARN_OBJC_LITERAL_CONVERSION = YES;
				CLANG_WARN_OBJC_ROOT_CLASS = YES_ERROR;
				CLANG_WARN_QUOTED_INCLUDE_IN_FRAMEWORK_HEADER = YES;
				CLANG_WARN_RANGE_LOOP_ANALYSIS = YES;
				CLANG_WARN_STRICT_PROTOTYPES = YES;
				CLANG_WARN_SUSPICIOUS_MOVE = YES;
				CLANG_WARN_UNGUARDED_AVAILABILITY = YES_AGGRESSIVE;
				CLANG_WARN_UNREACHABLE_CODE = YES;
				CLANG_WARN__DUPLICATE_METHOD_MATCH = YES;
				COPY_PHASE_STRIP = NO;
				DEBUG_INFORMATION_FORMAT = dwarf;
				ENABLE_STRICT_OBJC_MSGSEND = YES;
				ENABLE_TESTABILITY = YES;
				GCC_C_LANGUAGE_STANDARD = gnu11;
				GCC_DYNAMIC_NO_PIC = NO;
				GCC_NO_COMMON_BLOCKS = YES;
				GCC_OPTIMIZATION_LEVEL = 0;
				GCC_PREPROCESSOR_DEFINITIONS = (
					"DEBUG=1",
					"$(inherited)",
				);
				GCC_WARN_64_TO_32_BIT_CONVERSION = YES;
				GCC_WARN_ABOUT_RETURN_TYPE = YES_ERROR;
				GCC_WARN_UNDECLARED_SELECTOR = YES;
				GCC_WARN_UNINITIALIZED_AUTOS = YES_AGGRESSIVE;
				GCC_WARN_UNUSED_FUNCTION = YES;
				GCC_WARN_UNUSED_VARIABLE = YES;
				IPHONEOS_DEPLOYMENT_TARGET = 16.4;
				MTL_ENABLE_DEBUG_INFO = INCLUDE_SOURCE;
				MTL_FAST_MATH = YES;
				ONLY_ACTIVE_ARCH = YES;
				SDKROOT = iphoneos;
				SWIFT_ACTIVE_COMPILATION_CONDITIONS = DEBUG;
				SWIFT_OPTIMIZATION_LEVEL = "-Onone";
			};
			name = Debug;
		};
		CCE822012A7842390071899A /* Release */ = {
			isa = XCBuildConfiguration;
			buildSettings = {
				ALWAYS_SEARCH_USER_PATHS = NO;
				CLANG_ANALYZER_NONNULL = YES;
				CLANG_ANALYZER_NUMBER_OBJECT_CONVERSION = YES_AGGRESSIVE;
				CLANG_CXX_LANGUAGE_STANDARD = "gnu++20";
				CLANG_ENABLE_MODULES = YES;
				CLANG_ENABLE_OBJC_ARC = YES;
				CLANG_ENABLE_OBJC_WEAK = YES;
				CLANG_WARN_BLOCK_CAPTURE_AUTORELEASING = YES;
				CLANG_WARN_BOOL_CONVERSION = YES;
				CLANG_WARN_COMMA = YES;
				CLANG_WARN_CONSTANT_CONVERSION = YES;
				CLANG_WARN_DEPRECATED_OBJC_IMPLEMENTATIONS = YES;
				CLANG_WARN_DIRECT_OBJC_ISA_USAGE = YES_ERROR;
				CLANG_WARN_DOCUMENTATION_COMMENTS = YES;
				CLANG_WARN_EMPTY_BODY = YES;
				CLANG_WARN_ENUM_CONVERSION = YES;
				CLANG_WARN_INFINITE_RECURSION = YES;
				CLANG_WARN_INT_CONVERSION = YES;
				CLANG_WARN_NON_LITERAL_NULL_CONVERSION = YES;
				CLANG_WARN_OBJC_IMPLICIT_RETAIN_SELF = YES;
				CLANG_WARN_OBJC_LITERAL_CONVERSION = YES;
				CLANG_WARN_OBJC_ROOT_CLASS = YES_ERROR;
				CLANG_WARN_QUOTED_INCLUDE_IN_FRAMEWORK_HEADER = YES;
				CLANG_WARN_RANGE_LOOP_ANALYSIS = YES;
				CLANG_WARN_STRICT_PROTOTYPES = YES;
				CLANG_WARN_SUSPICIOUS_MOVE = YES;
				CLANG_WARN_UNGUARDED_AVAILABILITY = YES_AGGRESSIVE;
				CLANG_WARN_UNREACHABLE_CODE = YES;
				CLANG_WARN__DUPLICATE_METHOD_MATCH = YES;
				COPY_PHASE_STRIP = NO;
				DEBUG_INFORMATION_FORMAT = "dwarf-with-dsym";
				ENABLE_NS_ASSERTIONS = NO;
				ENABLE_STRICT_OBJC_MSGSEND = YES;
				GCC_C_LANGUAGE_STANDARD = gnu11;
				GCC_NO_COMMON_BLOCKS = YES;
				GCC_WARN_64_TO_32_BIT_CONVERSION = YES;
				GCC_WARN_ABOUT_RETURN_TYPE = YES_ERROR;
				GCC_WARN_UNDECLARED_SELECTOR = YES;
				GCC_WARN_UNINITIALIZED_AUTOS = YES_AGGRESSIVE;
				GCC_WARN_UNUSED_FUNCTION = YES;
				GCC_WARN_UNUSED_VARIABLE = YES;
				IPHONEOS_DEPLOYMENT_TARGET = 16.4;
				MTL_ENABLE_DEBUG_INFO = NO;
				MTL_FAST_MATH = YES;
				SDKROOT = iphoneos;
				SWIFT_COMPILATION_MODE = wholemodule;
				SWIFT_OPTIMIZATION_LEVEL = "-O";
				VALIDATE_PRODUCT = YES;
			};
			name = Release;
		};
		CCE822032A7842390071899A /* Debug */ = {
			isa = XCBuildConfiguration;
			buildSettings = {
				ASSETCATALOG_COMPILER_APPICON_NAME = AppIcon;
				ASSETCATALOG_COMPILER_GLOBAL_ACCENT_COLOR_NAME = AccentColor;
				CODE_SIGN_STYLE = Automatic;
				CURRENT_PROJECT_VERSION = 1;
				DEVELOPMENT_ASSET_PATHS = "\"KatishaCooker/Preview Content\"";
				ENABLE_PREVIEWS = YES;
				GENERATE_INFOPLIST_FILE = YES;
				INFOPLIST_KEY_UIApplicationSceneManifest_Generation = YES;
				INFOPLIST_KEY_UIApplicationSupportsIndirectInputEvents = YES;
				INFOPLIST_KEY_UILaunchScreen_Generation = YES;
				INFOPLIST_KEY_UISupportedInterfaceOrientations_iPad = "UIInterfaceOrientationPortrait UIInterfaceOrientationPortraitUpsideDown UIInterfaceOrientationLandscapeLeft UIInterfaceOrientationLandscapeRight";
				INFOPLIST_KEY_UISupportedInterfaceOrientations_iPhone = "UIInterfaceOrientationPortrait UIInterfaceOrientationLandscapeLeft UIInterfaceOrientationLandscapeRight";
				LD_RUNPATH_SEARCH_PATHS = (
					"$(inherited)",
					"@executable_path/Frameworks",
				);
				MARKETING_VERSION = 1.0;
				PRODUCT_BUNDLE_IDENTIFIER = com.TimmyDenisov.KatishaCooker;
				PRODUCT_NAME = "$(TARGET_NAME)";
				SWIFT_EMIT_LOC_STRINGS = YES;
				SWIFT_VERSION = 5.0;
				TARGETED_DEVICE_FAMILY = "1,2";
			};
			name = Debug;
		};
		CCE822042A7842390071899A /* Release */ = {
			isa = XCBuildConfiguration;
			buildSettings = {
				ASSETCATALOG_COMPILER_APPICON_NAME = AppIcon;
				ASSETCATALOG_COMPILER_GLOBAL_ACCENT_COLOR_NAME = AccentColor;
				CODE_SIGN_STYLE = Automatic;
				CURRENT_PROJECT_VERSION = 1;
				DEVELOPMENT_ASSET_PATHS = "\"KatishaCooker/Preview Content\"";
				ENABLE_PREVIEWS = YES;
				GENERATE_INFOPLIST_FILE = YES;
				INFOPLIST_KEY_UIApplicationSceneManifest_Generation = YES;
				INFOPLIST_KEY_UIApplicationSupportsIndirectInputEvents = YES;
				INFOPLIST_KEY_UILaunchScreen_Generation = YES;
				INFOPLIST_KEY_UISupportedInterfaceOrientations_iPad = "UIInterfaceOrientationPortrait UIInterfaceOrientationPortraitUpsideDown UIInterfaceOrientationLandscapeLeft UIInterfaceOrientationLandscapeRight";
				INFOPLIST_KEY_UISupportedInterfaceOrientations_iPhone = "UIInterfaceOrientationPortrait UIInterfaceOrientationLandscapeLeft UIInterfaceOrientationLandscapeRight";
				LD_RUNPATH_SEARCH_PATHS = (
					"$(inherited)",
					"@executable_path/Frameworks",
				);
				MARKETING_VERSION = 1.0;
				PRODUCT_BUNDLE_IDENTIFIER = com.TimmyDenisov.KatishaCooker;
				PRODUCT_NAME = "$(TARGET_NAME)";
				SWIFT_EMIT_LOC_STRINGS = YES;
				SWIFT_VERSION = 5.0;
				TARGETED_DEVICE_FAMILY = "1,2";
			};
			name = Release;
		};
		CCE822062A7842390071899A /* Debug */ = {
			isa = XCBuildConfiguration;
			buildSettings = {
				ALWAYS_EMBED_SWIFT_STANDARD_LIBRARIES = YES;
				BUNDLE_LOADER = "$(TEST_HOST)";
				CODE_SIGN_STYLE = Automatic;
				CURRENT_PROJECT_VERSION = 1;
				GENERATE_INFOPLIST_FILE = YES;
				IPHONEOS_DEPLOYMENT_TARGET = 16.4;
				MARKETING_VERSION = 1.0;
				PRODUCT_BUNDLE_IDENTIFIER = com.TimmyDenisov.KatishaCookerTests;
				PRODUCT_NAME = "$(TARGET_NAME)";
				SWIFT_EMIT_LOC_STRINGS = NO;
				SWIFT_VERSION = 5.0;
				TARGETED_DEVICE_FAMILY = "1,2";
				TEST_HOST = "$(BUILT_PRODUCTS_DIR)/KatishaCooker.app/$(BUNDLE_EXECUTABLE_FOLDER_PATH)/KatishaCooker";
			};
			name = Debug;
		};
		CCE822072A7842390071899A /* Release */ = {
			isa = XCBuildConfiguration;
			buildSettings = {
				ALWAYS_EMBED_SWIFT_STANDARD_LIBRARIES = YES;
				BUNDLE_LOADER = "$(TEST_HOST)";
				CODE_SIGN_STYLE = Automatic;
				CURRENT_PROJECT_VERSION = 1;
				GENERATE_INFOPLIST_FILE = YES;
				IPHONEOS_DEPLOYMENT_TARGET = 16.4;
				MARKETING_VERSION = 1.0;
				PRODUCT_BUNDLE_IDENTIFIER = com.TimmyDenisov.KatishaCookerTests;
				PRODUCT_NAME = "$(TARGET_NAME)";
				SWIFT_EMIT_LOC_STRINGS = NO;
				SWIFT_VERSION = 5.0;
				TARGETED_DEVICE_FAMILY = "1,2";
				TEST_HOST = "$(BUILT_PRODUCTS_DIR)/KatishaCooker.app/$(BUNDLE_EXECUTABLE_FOLDER_PATH)/KatishaCooker";
			};
			name = Release;
		};
		CCE822092A7842390071899A /* Debug */ = {
			isa = XCBuildConfiguration;
			buildSettings = {
				ALWAYS_EMBED_SWIFT_STANDARD_LIBRARIES = YES;
				CODE_SIGN_STYLE = Automatic;
				CURRENT_PROJECT_VERSION = 1;
				GENERATE_INFOPLIST_FILE = YES;
				MARKETING_VERSION = 1.0;
				PRODUCT_BUNDLE_IDENTIFIER = com.TimmyDenisov.KatishaCookerUITests;
				PRODUCT_NAME = "$(TARGET_NAME)";
				SWIFT_EMIT_LOC_STRINGS = NO;
				SWIFT_VERSION = 5.0;
				TARGETED_DEVICE_FAMILY = "1,2";
				TEST_TARGET_NAME = KatishaCooker;
			};
			name = Debug;
		};
		CCE8220A2A7842390071899A /* Release */ = {
			isa = XCBuildConfiguration;
			buildSettings = {
				ALWAYS_EMBED_SWIFT_STANDARD_LIBRARIES = YES;
				CODE_SIGN_STYLE = Automatic;
				CURRENT_PROJECT_VERSION = 1;
				GENERATE_INFOPLIST_FILE = YES;
				MARKETING_VERSION = 1.0;
				PRODUCT_BUNDLE_IDENTIFIER = com.TimmyDenisov.KatishaCookerUITests;
				PRODUCT_NAME = "$(TARGET_NAME)";
				SWIFT_EMIT_LOC_STRINGS = NO;
				SWIFT_VERSION = 5.0;
				TARGETED_DEVICE_FAMILY = "1,2";
				TEST_TARGET_NAME = KatishaCooker;
			};
			name = Release;
		};
/* End XCBuildConfiguration section */

/* Begin XCConfigurationList section */
		CCE821D92A7842380071899A /* Build configuration list for PBXProject "KatishaCooker" */ = {
			isa = XCConfigurationList;
			buildConfigurations = (
				CCE822002A7842390071899A /* Debug */,
				CCE822012A7842390071899A /* Release */,
			);
			defaultConfigurationIsVisible = 0;
			defaultConfigurationName = Release;
		};
		CCE822022A7842390071899A /* Build configuration list for PBXNativeTarget "KatishaCooker" */ = {
			isa = XCConfigurationList;
			buildConfigurations = (
				CCE822032A7842390071899A /* Debug */,
				CCE822042A7842390071899A /* Release */,
			);
			defaultConfigurationIsVisible = 0;
			defaultConfigurationName = Release;
		};
		CCE822052A7842390071899A /* Build configuration list for PBXNativeTarget "KatishaCookerTests" */ = {
			isa = XCConfigurationList;
			buildConfigurations = (
				CCE822062A7842390071899A /* Debug */,
				CCE822072A7842390071899A /* Release */,
			);
			defaultConfigurationIsVisible = 0;
			defaultConfigurationName = Release;
		};
		CCE822082A7842390071899A /* Build configuration list for PBXNativeTarget "KatishaCookerUITests" */ = {
			isa = XCConfigurationList;
			buildConfigurations = (
				CCE822092A7842390071899A /* Debug */,
				CCE8220A2A7842390071899A /* Release */,
			);
			defaultConfigurationIsVisible = 0;
			defaultConfigurationName = Release;
		};
/* End XCConfigurationList section */
	};
	rootObject = CCE821D62A7842380071899A /* Project object */;
}
